Microsoft Visual Studio Solution File, Format Version 11.00
# Visual Studio 2008

Project("{D046DDFB-F2C9-C095-2699-C5496918570B}") = "Rem", "Assembly-CSharp.csproj", "{ED2A1BEB-8019-6A82-454A-D2922A11F786}"
EndProject
Global
	GlobalSection(SolutionConfigurationPlatforms) = preSolution
		Debug|Any CPU = Debug|Any CPU
		Release|Any CPU = Release|Any CPU
	EndGlobalSection
	GlobalSection(ProjectConfigurationPlatforms) = postSolution
		{ED2A1BEB-8019-6A82-454A-D2922A11F786}.Debug|Any CPU.ActiveCfg = Debug|Any CPU
		{ED2A1BEB-8019-6A82-454A-D2922A11F786}.Debug|Any CPU.Build.0 = Debug|Any CPU
		{ED2A1BEB-8019-6A82-454A-D2922A11F786}.Release|Any CPU.ActiveCfg = Release|Any CPU
		{ED2A1BEB-8019-6A82-454A-D2922A11F786}.Release|Any CPU.Build.0 = Release|Any CPU
	EndGlobalSection
	GlobalSection(SolutionProperties) = preSolution
		HideSolutionNode = FALSE
	EndGlobalSection
	GlobalSection(MonoDevelopProperties) = preSolution
		StartupItem = Assembly-CSharp.csproj
	EndGlobalSection
EndGlobal
